<?xml version="1.0" encoding="utf-8"?>
<Project ToolsVersion="4.0" xmlns="http://schemas.microsoft.com/developer/msbuild/2003">
  <ItemGroup>
    <Filter Include="inc">
      <UniqueIdentifier>{16510607-61b4-4fbc-af90-d0c05ac7b170}</UniqueIdentifier>
    </Filter>
    <Filter Include="src">
      <UniqueIdentifier>{c2c0c1d6-4638-44ff-973f-00356c7ca2db}</UniqueIdentifier>
    </Filter>
  </ItemGroup>
  <ItemGroup>
    <ClInclude Include="..\sw\inc\AbsoluteLayout.h">
      <Filter>inc</Filter>
    </ClInclude>
    <ClInclude Include="..\sw\inc\Alignment.h">
      <Filter>inc</Filter>
    </ClInclude>
    <ClInclude Include="..\sw\inc\App.h">
      <Filter>inc</Filter>
    </ClInclude>
    <ClInclude Include="..\sw\inc\Button.h">
      <Filter>inc</Filter>
    </ClInclude>
    <ClInclude Include="..\sw\inc\ButtonBase.h">
      <Filter>inc</Filter>
    </ClInclude>
    <ClInclude Include="..\sw\inc\Color.h">
      <Filter>inc</Filter>
    </ClInclude>
    <ClInclude Include="..\sw\inc\Control.h">
      <Filter>inc</Filter>
    </ClInclude>
    <ClInclude Include="..\sw\inc\Cursor.h">
      <Filter>inc</Filter>
    </ClInclude>
    <ClInclude Include="..\sw\inc\Dip.h">
      <Filter>inc</Filter>
    </ClInclude>
    <ClInclude Include="..\sw\inc\DockLayout.h">
      <Filter>inc</Filter>
    </ClInclude>
    <ClInclude Include="..\sw\inc\DockPanel.h">
      <Filter>inc</Filter>
    </ClInclude>
    <ClInclude Include="..\sw\inc\FillLayout.h">
      <Filter>inc</Filter>
    </ClInclude>
    <ClInclude Include="..\sw\inc\Font.h">
      <Filter>inc</Filter>
    </ClInclude>
    <ClInclude Include="..\sw\inc\Icon.h">
      <Filter>inc</Filter>
    </ClInclude>
    <ClInclude Include="..\sw\inc\ICtlColor.h">
      <Filter>inc</Filter>
    </ClInclude>
    <ClInclude Include="..\sw\inc\ILayout.h">
      <Filter>inc</Filter>
    </ClInclude>
    <ClInclude Include="..\sw\inc\Keys.h">
      <Filter>inc</Filter>
    </ClInclude>
    <ClInclude Include="..\sw\inc\Label.h">
      <Filter>inc</Filter>
    </ClInclude>
    <ClInclude Include="..\sw\inc\Layer.h">
      <Filter>inc</Filter>
    </ClInclude>
    <ClInclude Include="..\sw\inc\LayoutHost.h">
      <Filter>inc</Filter>
    </ClInclude>
    <ClInclude Include="..\sw\inc\Menu.h">
      <Filter>inc</Filter>
    </ClInclude>
    <ClInclude Include="..\sw\inc\MenuBase.h">
      <Filter>inc</Filter>
    </ClInclude>
    <ClInclude Include="..\sw\inc\MenuItem.h">
      <Filter>inc</Filter>
    </ClInclude>
    <ClInclude Include="..\sw\inc\MsgBox.h">
      <Filter>inc</Filter>
    </ClInclude>
    <ClInclude Include="..\sw\inc\Panel.h">
      <Filter>inc</Filter>
    </ClInclude>
    <ClInclude Include="..\sw\inc\Path.h">
      <Filter>inc</Filter>
    </ClInclude>
    <ClInclude Include="..\sw\inc\Point.h">
      <Filter>inc</Filter>
    </ClInclude>
    <ClInclude Include="..\sw\inc\ProcMsg.h">
      <Filter>inc</Filter>
    </ClInclude>
    <ClInclude Include="..\sw\inc\Property.h">
      <Filter>inc</Filter>
    </ClInclude>
    <ClInclude Include="..\sw\inc\Rect.h">
      <Filter>inc</Filter>
    </ClInclude>
    <ClInclude Include="..\sw\inc\RoutedEvent.h">
      <Filter>inc</Filter>
    </ClInclude>
    <ClInclude Include="..\sw\inc\RoutedEventArgs.h">
      <Filter>inc</Filter>
    </ClInclude>
    <ClInclude Include="..\sw\inc\Screen.h">
      <Filter>inc</Filter>
    </ClInclude>
    <ClInclude Include="..\sw\inc\SimpleWindow.h">
      <Filter>inc</Filter>
    </ClInclude>
    <ClInclude Include="..\sw\inc\Size.h">
      <Filter>inc</Filter>
    </ClInclude>
    <ClInclude Include="..\sw\inc\StackLayout.h">
      <Filter>inc</Filter>
    </ClInclude>
    <ClInclude Include="..\sw\inc\StackLayoutH.h">
      <Filter>inc</Filter>
    </ClInclude>
    <ClInclude Include="..\sw\inc\StackLayoutV.h">
      <Filter>inc</Filter>
    </ClInclude>
    <ClInclude Include="..\sw\inc\StackPanel.h">
      <Filter>inc</Filter>
    </ClInclude>
    <ClInclude Include="..\sw\inc\Thickness.h">
      <Filter>inc</Filter>
    </ClInclude>
    <ClInclude Include="..\sw\inc\UIElement.h">
      <Filter>inc</Filter>
    </ClInclude>
    <ClInclude Include="..\sw\inc\Utils.h">
      <Filter>inc</Filter>
    </ClInclude>
    <ClInclude Include="..\sw\inc\Window.h">
      <Filter>inc</Filter>
    </ClInclude>
    <ClInclude Include="..\sw\inc\WndBase.h">
      <Filter>inc</Filter>
    </ClInclude>
    <ClInclude Include="..\sw\inc\WndMsg.h">
      <Filter>inc</Filter>
    </ClInclude>
    <ClInclude Include="..\sw\inc\WrapLayout.h">
      <Filter>inc</Filter>
    </ClInclude>
    <ClInclude Include="..\sw\inc\WrapLayoutH.h">
      <Filter>inc</Filter>
    </ClInclude>
    <ClInclude Include="..\sw\inc\WrapLayoutV.h">
      <Filter>inc</Filter>
    </ClInclude>
    <ClInclude Include="..\sw\inc\WrapPanel.h">
      <Filter>inc</Filter>
    </ClInclude>
    <ClInclude Include="..\sw\inc\ContextMenu.h">
      <Filter>inc</Filter>
    </ClInclude>
  </ItemGroup>
  <ItemGroup>
    <ClCompile Include="..\sw\src\AbsoluteLayout.cpp">
      <Filter>src</Filter>
    </ClCompile>
    <ClCompile Include="..\sw\src\App.cpp">
      <Filter>src</Filter>
    </ClCompile>
    <ClCompile Include="..\sw\src\Button.cpp">
      <Filter>src</Filter>
    </ClCompile>
    <ClCompile Include="..\sw\src\ButtonBase.cpp">
      <Filter>src</Filter>
    </ClCompile>
    <ClCompile Include="..\sw\src\Color.cpp">
      <Filter>src</Filter>
    </ClCompile>
    <ClCompile Include="..\sw\src\Control.cpp">
      <Filter>src</Filter>
    </ClCompile>
    <ClCompile Include="..\sw\src\Cursor.cpp">
      <Filter>src</Filter>
    </ClCompile>
    <ClCompile Include="..\sw\src\Dip.cpp">
      <Filter>src</Filter>
    </ClCompile>
    <ClCompile Include="..\sw\src\DockLayout.cpp">
      <Filter>src</Filter>
    </ClCompile>
    <ClCompile Include="..\sw\src\DockPanel.cpp">
      <Filter>src</Filter>
    </ClCompile>
    <ClCompile Include="..\sw\src\FillLayout.cpp">
      <Filter>src</Filter>
    </ClCompile>
    <ClCompile Include="..\sw\src\Font.cpp">
      <Filter>src</Filter>
    </ClCompile>
    <ClCompile Include="..\sw\src\Icon.cpp">
      <Filter>src</Filter>
    </ClCompile>
    <ClCompile Include="..\sw\src\Keys.cpp">
      <Filter>src</Filter>
    </ClCompile>
    <ClCompile Include="..\sw\src\Label.cpp">
      <Filter>src</Filter>
    </ClCompile>
    <ClCompile Include="..\sw\src\Layer.cpp">
      <Filter>src</Filter>
    </ClCompile>
    <ClCompile Include="..\sw\src\LayoutHost.cpp">
      <Filter>src</Filter>
    </ClCompile>
    <ClCompile Include="..\sw\src\Menu.cpp">
      <Filter>src</Filter>
    </ClCompile>
    <ClCompile Include="..\sw\src\MenuBase.cpp">
      <Filter>src</Filter>
    </ClCompile>
    <ClCompile Include="..\sw\src\MenuItem.cpp">
      <Filter>src</Filter>
    </ClCompile>
    <ClCompile Include="..\sw\src\MsgBox.cpp">
      <Filter>src</Filter>
    </ClCompile>
    <ClCompile Include="..\sw\src\Panel.cpp">
      <Filter>src</Filter>
    </ClCompile>
    <ClCompile Include="..\sw\src\Path.cpp">
      <Filter>src</Filter>
    </ClCompile>
    <ClCompile Include="..\sw\src\Point.cpp">
      <Filter>src</Filter>
    </ClCompile>
    <ClCompile Include="..\sw\src\ProcMsg.cpp">
      <Filter>src</Filter>
    </ClCompile>
    <ClCompile Include="..\sw\src\Rect.cpp">
      <Filter>src</Filter>
    </ClCompile>
    <ClCompile Include="..\sw\src\RoutedEvent.cpp">
      <Filter>src</Filter>
    </ClCompile>
    <ClCompile Include="..\sw\src\RoutedEventArgs.cpp">
      <Filter>src</Filter>
    </ClCompile>
    <ClCompile Include="..\sw\src\Screen.cpp">
      <Filter>src</Filter>
    </ClCompile>
    <ClCompile Include="..\sw\src\Size.cpp">
      <Filter>src</Filter>
    </ClCompile>
    <ClCompile Include="..\sw\src\StackLayout.cpp">
      <Filter>src</Filter>
    </ClCompile>
    <ClCompile Include="..\sw\src\StackLayoutH.cpp">
      <Filter>src</Filter>
    </ClCompile>
    <ClCompile Include="..\sw\src\StackLayoutV.cpp">
      <Filter>src</Filter>
    </ClCompile>
    <ClCompile Include="..\sw\src\StackPanel.cpp">
      <Filter>src</Filter>
    </ClCompile>
    <ClCompile Include="..\sw\src\Thickness.cpp">
      <Filter>src</Filter>
    </ClCompile>
    <ClCompile Include="..\sw\src\UIElement.cpp">
      <Filter>src</Filter>
    </ClCompile>
    <ClCompile Include="..\sw\src\Utils.cpp">
      <Filter>src</Filter>
    </ClCompile>
    <ClCompile Include="..\sw\src\Window.cpp">
      <Filter>src</Filter>
    </ClCompile>
    <ClCompile Include="..\sw\src\WndBase.cpp">
      <Filter>src</Filter>
    </ClCompile>
    <ClCompile Include="..\sw\src\WrapLayout.cpp">
      <Filter>src</Filter>
    </ClCompile>
    <ClCompile Include="..\sw\src\WrapLayoutH.cpp">
      <Filter>src</Filter>
    </ClCompile>
    <ClCompile Include="..\sw\src\WrapLayoutV.cpp">
      <Filter>src</Filter>
    </ClCompile>
    <ClCompile Include="..\sw\src\WrapPanel.cpp">
      <Filter>src</Filter>
    </ClCompile>
    <ClCompile Include="..\sw\src\ContextMenu.cpp">
      <Filter>src</Filter>
    </ClCompile>
  </ItemGroup>
</Project>