
Microsoft Visual Studio Solution File, Format Version 12.00
# Visual Studio Version 17
VisualStudioVersion = 17.6.33712.159
MinimumVisualStudioVersion = 10.0.40219.1
Project("{8BC9CEB8-8B4A-11D0-8D11-00A0C91BC942}") = "helloworld", "helloworld\helloworld.vcxproj", "{24BF02E8-532A-4DAE-B00F-4F23201191DF}"
EndProject
Project("{8BC9CEB8-8B4A-11D0-8D11-00A0C91BC942}") = "sw", "..\vs\sw.vcxproj", "{51EF3C4D-0CBF-4730-9079-BCA404FEC393}"
EndProject
Project("{8BC9CEB8-8B4A-11D0-8D11-00A0C91BC942}") = "helloworld2", "helloworld2\helloworld2.vcxproj", "{F2F4546B-E7D2-47FB-8FB3-FA8071F7F16B}"
EndProject
Project("{8BC9CEB8-8B4A-11D0-8D11-00A0C91BC942}") = "helloworld2_oop", "helloworld2_oop\helloworld2_oop.vcxproj", "{89D035C0-B5EA-4BE0-AF3D-A395EBDA8567}"
EndProject
Project("{8BC9CEB8-8B4A-11D0-8D11-00A0C91BC942}") = "docklayout", "docklayout\docklayout.vcxproj", "{4CF21C10-C4B3-4BFF-ABA2-E055CA01C438}"
EndProject
Global
	GlobalSection(SolutionConfigurationPlatforms) = preSolution
		Debug|x64 = Debug|x64
		Debug|x86 = Debug|x86
		Release|x64 = Release|x64
		Release|x86 = Release|x86
	EndGlobalSection
	GlobalSection(ProjectConfigurationPlatforms) = postSolution
		{24BF02E8-532A-4DAE-B00F-4F23201191DF}.Debug|x64.ActiveCfg = Debug|x64
		{24BF02E8-532A-4DAE-B00F-4F23201191DF}.Debug|x64.Build.0 = Debug|x64
		{24BF02E8-532A-4DAE-B00F-4F23201191DF}.Debug|x86.ActiveCfg = Debug|Win32
		{24BF02E8-532A-4DAE-B00F-4F23201191DF}.Debug|x86.Build.0 = Debug|Win32
		{24BF02E8-532A-4DAE-B00F-4F23201191DF}.Release|x64.ActiveCfg = Release|x64
		{24BF02E8-532A-4DAE-B00F-4F23201191DF}.Release|x64.Build.0 = Release|x64
		{24BF02E8-532A-4DAE-B00F-4F23201191DF}.Release|x86.ActiveCfg = Release|Win32
		{24BF02E8-532A-4DAE-B00F-4F23201191DF}.Release|x86.Build.0 = Release|Win32
		{51EF3C4D-0CBF-4730-9079-BCA404FEC393}.Debug|x64.ActiveCfg = Debug|x64
		{51EF3C4D-0CBF-4730-9079-BCA404FEC393}.Debug|x64.Build.0 = Debug|x64
		{51EF3C4D-0CBF-4730-9079-BCA404FEC393}.Debug|x86.ActiveCfg = Debug|Win32
		{51EF3C4D-0CBF-4730-9079-BCA404FEC393}.Debug|x86.Build.0 = Debug|Win32
		{51EF3C4D-0CBF-4730-9079-BCA404FEC393}.Release|x64.ActiveCfg = Release|x64
		{51EF3C4D-0CBF-4730-9079-BCA404FEC393}.Release|x64.Build.0 = Release|x64
		{51EF3C4D-0CBF-4730-9079-BCA404FEC393}.Release|x86.ActiveCfg = Release|Win32
		{51EF3C4D-0CBF-4730-9079-BCA404FEC393}.Release|x86.Build.0 = Release|Win32
		{F2F4546B-E7D2-47FB-8FB3-FA8071F7F16B}.Debug|x64.ActiveCfg = Debug|x64
		{F2F4546B-E7D2-47FB-8FB3-FA8071F7F16B}.Debug|x64.Build.0 = Debug|x64
		{F2F4546B-E7D2-47FB-8FB3-FA8071F7F16B}.Debug|x86.ActiveCfg = Debug|Win32
		{F2F4546B-E7D2-47FB-8FB3-FA8071F7F16B}.Debug|x86.Build.0 = Debug|Win32
		{F2F4546B-E7D2-47FB-8FB3-FA8071F7F16B}.Release|x64.ActiveCfg = Release|x64
		{F2F4546B-E7D2-47FB-8FB3-FA8071F7F16B}.Release|x64.Build.0 = Release|x64
		{F2F4546B-E7D2-47FB-8FB3-FA8071F7F16B}.Release|x86.ActiveCfg = Release|Win32
		{F2F4546B-E7D2-47FB-8FB3-FA8071F7F16B}.Release|x86.Build.0 = Release|Win32
		{89D035C0-B5EA-4BE0-AF3D-A395EBDA8567}.Debug|x64.ActiveCfg = Debug|x64
		{89D035C0-B5EA-4BE0-AF3D-A395EBDA8567}.Debug|x64.Build.0 = Debug|x64
		{89D035C0-B5EA-4BE0-AF3D-A395EBDA8567}.Debug|x86.ActiveCfg = Debug|Win32
		{89D035C0-B5EA-4BE0-AF3D-A395EBDA8567}.Debug|x86.Build.0 = Debug|Win32
		{89D035C0-B5EA-4BE0-AF3D-A395EBDA8567}.Release|x64.ActiveCfg = Release|x64
		{89D035C0-B5EA-4BE0-AF3D-A395EBDA8567}.Release|x64.Build.0 = Release|x64
		{89D035C0-B5EA-4BE0-AF3D-A395EBDA8567}.Release|x86.ActiveCfg = Release|Win32
		{89D035C0-B5EA-4BE0-AF3D-A395EBDA8567}.Release|x86.Build.0 = Release|Win32
		{4CF21C10-C4B3-4BFF-ABA2-E055CA01C438}.Debug|x64.ActiveCfg = Debug|x64
		{4CF21C10-C4B3-4BFF-ABA2-E055CA01C438}.Debug|x64.Build.0 = Debug|x64
		{4CF21C10-C4B3-4BFF-ABA2-E055CA01C438}.Debug|x86.ActiveCfg = Debug|Win32
		{4CF21C10-C4B3-4BFF-ABA2-E055CA01C438}.Debug|x86.Build.0 = Debug|Win32
		{4CF21C10-C4B3-4BFF-ABA2-E055CA01C438}.Release|x64.ActiveCfg = Release|x64
		{4CF21C10-C4B3-4BFF-ABA2-E055CA01C438}.Release|x64.Build.0 = Release|x64
		{4CF21C10-C4B3-4BFF-ABA2-E055CA01C438}.Release|x86.ActiveCfg = Release|Win32
		{4CF21C10-C4B3-4BFF-ABA2-E055CA01C438}.Release|x86.Build.0 = Release|Win32
	EndGlobalSection
	GlobalSection(SolutionProperties) = preSolution
		HideSolutionNode = FALSE
	EndGlobalSection
	GlobalSection(ExtensibilityGlobals) = postSolution
		SolutionGuid = {D1A0FB56-4DD4-44F2-AA6A-21A326EFBBE2}
	EndGlobalSection
EndGlobal
